
Microsoft Visual Studio Solution File, Format Version 12.00
# Visual Studio Version 17
VisualStudioVersion = 17.6.33801.468
MinimumVisualStudioVersion = 10.0.40219.1
Project("{9A19103F-16F7-4668-BE54-9A1E7A4F7556}") = "DevoteamRobot", "DevoteamRobot\DevoteamRobot.csproj", "{09272535-47F8-4C4C-B46A-8EF999A6C5ED}"
EndProject
Project("{2150E333-8FDC-42A3-9474-1A3956D46DE8}") = "Solution Items", "Solution Items", "{BECFA8E8-ECE0-45DE-8C6F-C0FD428653B2}"
	ProjectSection(SolutionItems) = preProject
		README.md = README.md
	EndProjectSection
EndProject
Global
	GlobalSection(SolutionConfigurationPlatforms) = preSolution
		Debug|Any CPU = Debug|Any CPU
		Release|Any CPU = Release|Any CPU
	EndGlobalSection
	GlobalSection(ProjectConfigurationPlatforms) = postSolution
		{09272535-47F8-4C4C-B46A-8EF999A6C5ED}.Debug|Any CPU.ActiveCfg = Debug|Any CPU
		{09272535-47F8-4C4C-B46A-8EF999A6C5ED}.Debug|Any CPU.Build.0 = Debug|Any CPU
		{09272535-47F8-4C4C-B46A-8EF999A6C5ED}.Release|Any CPU.ActiveCfg = Release|Any CPU
		{09272535-47F8-4C4C-B46A-8EF999A6C5ED}.Release|Any CPU.Build.0 = Release|Any CPU
	EndGlobalSection
	GlobalSection(SolutionProperties) = preSolution
		HideSolutionNode = FALSE
	EndGlobalSection
	GlobalSection(ExtensibilityGlobals) = postSolution
		SolutionGuid = {22F44C99-F3C0-47A8-8132-8185FE018377}
	EndGlobalSection
EndGlobal
